{
  "name": "projectplatform",
  "version": "1.0.0",
  "lockfileVersion": 3,
  "requires": true,
  "packages": {
    "": {
      "name": "projectplatform",
      "version": "1.0.0",
      "license": "ISC",
      "dependencies": {
        "@yurishornikov/ajs": "^1.0.0",
        "@yurishornikov/ajs2": "^1.0.0"
      }
    },
    "node_modules/@yurishornikov/ajs": {
      "version": "1.0.0",
      "resolved": "https://npm.pkg.github.com/download/@yurishornikov/ajs/1.0.0/9f25e927e0d2605227bc2ac54ba23fc6e3cb73dc",
      "integrity": "sha512-F1o2Gx49JV5fwkscq+Lk51EnSCfJ5Ad2WM9m7zH/9NvRW6SpUTtLWJq9rqD9BCIiQafR8vbjezR0m2vq+Tu5KQ==",
      "license": "ISC"
    },
    "node_modules/@yurishornikov/ajs2": {
      "version": "1.0.0",
      "resolved": "https://npm.pkg.github.com/download/@yurishornikov/ajs2/1.0.0/60fc95c644790602eb81f792b259fcceed8b781f",
      "integrity": "sha512-Tw1k4QXdqHAXgxaO2VcIn86d8OFhNDtqDBvFqHxB7Xd06L/FltvhuIFBZ6CZwY1/dSQljeaJVCoJb+OvhgNJTg==",
      "license": "ISC"
    }
  }
}
